{
  "name": "stream-api",
  "version": "1.0.0",
  "lockfileVersion": 2,
  "dependencies": {
    "@ffmpeg-installer/ffmpeg": {
      "version": "1.1.0",
      "resolved": "https://registry.npmjs.org/@ffmpeg-installer/ffmpeg/-/ffmpeg-1.1.0.tgz",
      "integrity": "sha512-6xzlfglczhT6rkP2Q/Mhfxu5a/aH2S9h8Rl5cSg1Vdo6lIlmaXmBmhZjpF7PfN2z6DPm0Lv0JljopGUocIXvtxA==",
      "dev": true
    },
    "child_process": {
      "version": "1.0.2",
      "resolved": "https://registry.npmjs.org/child_process/-/child_process-1.0.2.tgz",
      "integrity": "sha512-lP0WBhOPVvQ8Xsl0vV1NNKhAqZTfvTgj1fSyFmn8yPf6AGtsnQxK6XmfiYAy+9gSkRG5LrfFZ8tNS5DCcNw9m5g==",
      "dev": false
    },
    "dotenv": {
      "version": "16.3.1",
      "resolved": "https://registry.npmjs.org/dotenv/-/dotenv-16.3.1.tgz",
      "integrity": "sha512-1eLwZv7kZaHfbdwQ2Q6Owm6KjPxoHRjmMLDNhA2kYHm75x/CKF7v76yVVJ9JXolSzTbuRUzzUkt7KlXg6z9cyw==",
      "dev": false
    },
    "express": {
      "version": "4.18.4",
      "resolved": "https://registry.npmjs.org/express/-/express-4.18.4.tgz",
      "integrity": "sha512-K07Tno12rtXkaqZQwvLSP9vD2fUP39n+KVAJt4oEKyWtdUMf1xl2bu5w8+4m56C2txRG0IrgWGTHA9XZfMNhXA==",
      "dev": false
    }
  }
}
